
Microsoft Visual Studio Solution File, Format Version 12.00
# Visual Studio Version 16
VisualStudioVersion = 25.0.1706.9
MinimumVisualStudioVersion = 10.0.40219.1
Project("{FAE04EC0-301F-11D3-BF4B-00C04F79EFBC}") = "tpmodul4_1302223007", "tpmodul4_1302223007\tpmodul4_1302223007.csproj", "{727DDDA4-E5FE-4FF4-9C95-74994D02F34D}"
EndProject
Global
	GlobalSection(SolutionConfigurationPlatforms) = preSolution
		Debug|Any CPU = Debug|Any CPU
		Release|Any CPU = Release|Any CPU
	EndGlobalSection
	GlobalSection(ProjectConfigurationPlatforms) = postSolution
		{727DDDA4-E5FE-4FF4-9C95-74994D02F34D}.Debug|Any CPU.ActiveCfg = Debug|Any CPU
		{727DDDA4-E5FE-4FF4-9C95-74994D02F34D}.Debug|Any CPU.Build.0 = Debug|Any CPU
		{727DDDA4-E5FE-4FF4-9C95-74994D02F34D}.Release|Any CPU.ActiveCfg = Release|Any CPU
		{727DDDA4-E5FE-4FF4-9C95-74994D02F34D}.Release|Any CPU.Build.0 = Release|Any CPU
	EndGlobalSection
	GlobalSection(SolutionProperties) = preSolution
		HideSolutionNode = FALSE
	EndGlobalSection
	GlobalSection(ExtensibilityGlobals) = postSolution
		SolutionGuid = {5E9263BF-6E3F-4B04-BEB7-6BB4DE2F22F4}
	EndGlobalSection
EndGlobal
